
Microsoft Visual Studio Solution File, Format Version 12.00
# Visual Studio Version 17
VisualStudioVersion = 17.4.33110.190
MinimumVisualStudioVersion = 10.0.40219.1
Project("{FAE04EC0-301F-11D3-BF4B-00C04F79EFBC}") = "CFMasterDetails", "CFMasterDetails\CFMasterDetails.csproj", "{A028747D-A789-401D-A9AF-F346CCBB67F4}"
EndProject
Global
	GlobalSection(SolutionConfigurationPlatforms) = preSolution
		Debug|Any CPU = Debug|Any CPU
		Release|Any CPU = Release|Any CPU
	EndGlobalSection
	GlobalSection(ProjectConfigurationPlatforms) = postSolution
		{A028747D-A789-401D-A9AF-F346CCBB67F4}.Debug|Any CPU.ActiveCfg = Debug|Any CPU
		{A028747D-A789-401D-A9AF-F346CCBB67F4}.Debug|Any CPU.Build.0 = Debug|Any CPU
		{A028747D-A789-401D-A9AF-F346CCBB67F4}.Release|Any CPU.ActiveCfg = Release|Any CPU
		{A028747D-A789-401D-A9AF-F346CCBB67F4}.Release|Any CPU.Build.0 = Release|Any CPU
	EndGlobalSection
	GlobalSection(SolutionProperties) = preSolution
		HideSolutionNode = FALSE
	EndGlobalSection
	GlobalSection(ExtensibilityGlobals) = postSolution
		SolutionGuid = {0A6FF267-3D38-439F-8B2C-B5386A5EE603}
	EndGlobalSection
EndGlobal
